
Microsoft Visual Studio Solution File, Format Version 12.00
# Visual Studio Version 17
VisualStudioVersion = 17.9.34622.214
MinimumVisualStudioVersion = 10.0.40219.1
Project("{9A19103F-16F7-4668-BE54-9A1E7A4F7556}") = "SimpleFleetManager", "SimpleFleetManager\SimpleFleetManager.csproj", "{D12C54EA-1126-4C54-BC8C-F363C57F08AD}"
EndProject
Global
	GlobalSection(SolutionConfigurationPlatforms) = preSolution
		Debug|Any CPU = Debug|Any CPU
		Debug|x64 = Debug|x64
		Release|Any CPU = Release|Any CPU
		Release|x64 = Release|x64
	EndGlobalSection
	GlobalSection(ProjectConfigurationPlatforms) = postSolution
		{D12C54EA-1126-4C54-BC8C-F363C57F08AD}.Debug|Any CPU.ActiveCfg = Debug|Any CPU
		{D12C54EA-1126-4C54-BC8C-F363C57F08AD}.Debug|Any CPU.Build.0 = Debug|Any CPU
		{D12C54EA-1126-4C54-BC8C-F363C57F08AD}.Debug|x64.ActiveCfg = Debug|x64
		{D12C54EA-1126-4C54-BC8C-F363C57F08AD}.Debug|x64.Build.0 = Debug|x64
		{D12C54EA-1126-4C54-BC8C-F363C57F08AD}.Release|Any CPU.ActiveCfg = Release|Any CPU
		{D12C54EA-1126-4C54-BC8C-F363C57F08AD}.Release|Any CPU.Build.0 = Release|Any CPU
		{D12C54EA-1126-4C54-BC8C-F363C57F08AD}.Release|x64.ActiveCfg = Release|x64
		{D12C54EA-1126-4C54-BC8C-F363C57F08AD}.Release|x64.Build.0 = Release|x64
	EndGlobalSection
	GlobalSection(SolutionProperties) = preSolution
		HideSolutionNode = FALSE
	EndGlobalSection
	GlobalSection(ExtensibilityGlobals) = postSolution
		SolutionGuid = {F0409937-B880-4B11-A3E9-D3380EB40C85}
	EndGlobalSection
EndGlobal
